
Microsoft Visual Studio Solution File, Format Version 12.00
# Visual Studio Version 17
VisualStudioVersion = 17.5.33502.453
MinimumVisualStudioVersion = 10.0.40219.1
Project("{FAE04EC0-301F-11D3-BF4B-00C04F79EFBC}") = "IA_JARVIS", "IA_JARVIS.csproj", "{94C550F6-D741-40D9-A905-2DEDFB0FD265}"
EndProject
Global
	GlobalSection(SolutionConfigurationPlatforms) = preSolution
		Debug|Any CPU = Debug|Any CPU
		Release|Any CPU = Release|Any CPU
	EndGlobalSection
	GlobalSection(ProjectConfigurationPlatforms) = postSolution
		{94C550F6-D741-40D9-A905-2DEDFB0FD265}.Debug|Any CPU.ActiveCfg = Debug|Any CPU
		{94C550F6-D741-40D9-A905-2DEDFB0FD265}.Debug|Any CPU.Build.0 = Debug|Any CPU
		{94C550F6-D741-40D9-A905-2DEDFB0FD265}.Release|Any CPU.ActiveCfg = Release|Any CPU
		{94C550F6-D741-40D9-A905-2DEDFB0FD265}.Release|Any CPU.Build.0 = Release|Any CPU
	EndGlobalSection
	GlobalSection(SolutionProperties) = preSolution
		HideSolutionNode = FALSE
	EndGlobalSection
	GlobalSection(ExtensibilityGlobals) = postSolution
		SolutionGuid = {FBFFBE59-614B-469A-8321-5655BF29B3B8}
	EndGlobalSection
EndGlobal
